{
  "name": "vebsite",
  "version": "1.0.0",
  "lockfileVersion": 2,
  "requires": true,
  "packages": {
    "": {
      "name": "vebsite",
      "version": "1.0.0",
      "license": "ISC",
      "devDependencies": {
        "prettier": "^2.4.1"
      }
    },
    "node_modules/prettier": {
      "version": "2.4.1",
      "resolved": "https://registry.nlark.com/prettier/download/prettier-2.4.1.tgz?cache=0&sync_timestamp=1631777138030&other_urls=https%3A%2F%2Fregistry.nlark.com%2Fprettier%2Fdownload%2Fprettier-2.4.1.tgz",
      "integrity": "sha1-Zx4RyJwUpM/Ids5WQQbEpnJsn1w=",
      "dev": true,
      "bin": {
        "prettier": "bin-prettier.js"
      },
      "engines": {
        "node": ">=10.13.0"
      }
    }
  },
  "dependencies": {
    "prettier": {
      "version": "2.4.1",
      "resolved": "https://registry.nlark.com/prettier/download/prettier-2.4.1.tgz?cache=0&sync_timestamp=1631777138030&other_urls=https%3A%2F%2Fregistry.nlark.com%2Fprettier%2Fdownload%2Fprettier-2.4.1.tgz",
      "integrity": "sha1-Zx4RyJwUpM/Ids5WQQbEpnJsn1w=",
      "dev": true
    }
  }
}
